
Microsoft Visual Studio Solution File, Format Version 12.00
# Visual Studio Version 16
VisualStudioVersion = 16.0.30114.105
MinimumVisualStudioVersion = 10.0.40219.1
Project("{FAE04EC0-301F-11D3-BF4B-00C04F79EFBC}") = "TicketToBranchName", "TicketToBranchName\TicketToBranchName.csproj", "{B2BE79F1-56F2-44A1-A84E-F9D8E480452C}"
EndProject
Global
	GlobalSection(SolutionConfigurationPlatforms) = preSolution
		Debug|Any CPU = Debug|Any CPU
		Release|Any CPU = Release|Any CPU
	EndGlobalSection
	GlobalSection(ProjectConfigurationPlatforms) = postSolution
		{B2BE79F1-56F2-44A1-A84E-F9D8E480452C}.Debug|Any CPU.ActiveCfg = Debug|Any CPU
		{B2BE79F1-56F2-44A1-A84E-F9D8E480452C}.Debug|Any CPU.Build.0 = Debug|Any CPU
		{B2BE79F1-56F2-44A1-A84E-F9D8E480452C}.Release|Any CPU.ActiveCfg = Release|Any CPU
		{B2BE79F1-56F2-44A1-A84E-F9D8E480452C}.Release|Any CPU.Build.0 = Release|Any CPU
	EndGlobalSection
	GlobalSection(SolutionProperties) = preSolution
		HideSolutionNode = FALSE
	EndGlobalSection
	GlobalSection(ExtensibilityGlobals) = postSolution
		SolutionGuid = {52374070-BA8A-49F1-B6CF-FB78FBDC2C31}
	EndGlobalSection
EndGlobal
